
Microsoft Visual Studio Solution File, Format Version 12.00
# Visual Studio Version 17
VisualStudioVersion = 17.7.34202.233
MinimumVisualStudioVersion = 10.0.40219.1
Project("{FAE04EC0-301F-11D3-BF4B-00C04F79EFBC}") = "Project1", "Project1.csproj", "{9E618F00-46D0-43DC-992E-BA0D497B77BB}"
EndProject
Global
	GlobalSection(SolutionConfigurationPlatforms) = preSolution
		Debug|Any CPU = Debug|Any CPU
		Release|Any CPU = Release|Any CPU
	EndGlobalSection
	GlobalSection(ProjectConfigurationPlatforms) = postSolution
		{9E618F00-46D0-43DC-992E-BA0D497B77BB}.Debug|Any CPU.ActiveCfg = Debug|Any CPU
		{9E618F00-46D0-43DC-992E-BA0D497B77BB}.Debug|Any CPU.Build.0 = Debug|Any CPU
		{9E618F00-46D0-43DC-992E-BA0D497B77BB}.Release|Any CPU.ActiveCfg = Release|Any CPU
		{9E618F00-46D0-43DC-992E-BA0D497B77BB}.Release|Any CPU.Build.0 = Release|Any CPU
	EndGlobalSection
	GlobalSection(SolutionProperties) = preSolution
		HideSolutionNode = FALSE
	EndGlobalSection
	GlobalSection(ExtensibilityGlobals) = postSolution
		SolutionGuid = {ADD8C75F-211D-449E-B535-B62ED93F8C0F}
	EndGlobalSection
EndGlobal
